// !$*UTF8*$!
{
	archiveVersion = 1;
	classes = {
	};
	objectVersion = 46;
	objects = {

/* Begin PBXBuildFile section */
		6003F58E195388D20070C39A /* Foundation.framework in Frameworks */ = {isa = PBXBuildFile; fileRef = 6003F58D195388D20070C39A /* Foundation.framework */; };
		6003F590195388D20070C39A /* CoreGraphics.framework in Frameworks */ = {isa = PBXBuildFile; fileRef = 6003F58F195388D20070C39A /* CoreGraphics.framework */; };
		6003F592195388D20070C39A /* UIKit.framework in Frameworks */ = {isa = PBXBuildFile; fileRef = 6003F591195388D20070C39A /* UIKit.framework */; };
		6003F598195388D20070C39A /* InfoPlist.strings in Resources */ = {isa = PBXBuildFile; fileRef = 6003F596195388D20070C39A /* InfoPlist.strings */; };
		6003F59A195388D20070C39A /* main.m in Sources */ = {isa = PBXBuildFile; fileRef = 6003F599195388D20070C39A /* main.m */; };
		6003F59E195388D20070C39A /* PLAppDelegate.m in Sources */ = {isa = PBXBuildFile; fileRef = 6003F59D195388D20070C39A /* PLAppDelegate.m */; };
		6003F5A9195388D20070C39A /* Images.xcassets in Resources */ = {isa = PBXBuildFile; fileRef = 6003F5A8195388D20070C39A /* Images.xcassets */; };
		6003F5B0195388D20070C39A /* XCTest.framework in Frameworks */ = {isa = PBXBuildFile; fileRef = 6003F5AF195388D20070C39A /* XCTest.framework */; };
		6003F5B1195388D20070C39A /* Foundation.framework in Frameworks */ = {isa = PBXBuildFile; fileRef = 6003F58D195388D20070C39A /* Foundation.framework */; };
		6003F5B2195388D20070C39A /* UIKit.framework in Frameworks */ = {isa = PBXBuildFile; fileRef = 6003F591195388D20070C39A /* UIKit.framework */; };
		6003F5BA195388D20070C39A /* InfoPlist.strings in Resources */ = {isa = PBXBuildFile; fileRef = 6003F5B8195388D20070C39A /* InfoPlist.strings */; };
		6196FCC81BF5AB2300024577 /* PLBasicDataViewController.m in Sources */ = {isa = PBXBuildFile; fileRef = 6196FCC71BF5AB2300024577 /* PLBasicDataViewController.m */; };
		6196FCD21BF5BBCA00024577 /* ExampleBasicDataSource.m in Sources */ = {isa = PBXBuildFile; fileRef = 6196FCD11BF5BBCA00024577 /* ExampleBasicDataSource.m */; };
		6196FCD41BF69D6B00024577 /* PLBasicDataSourceTests.m in Sources */ = {isa = PBXBuildFile; fileRef = 6196FCD31BF69D6B00024577 /* PLBasicDataSourceTests.m */; };
		61E0A55D1BF9667900453820 /* PLFetchedResultsDataSourceTests.m in Sources */ = {isa = PBXBuildFile; fileRef = 61E0A55C1BF9667900453820 /* PLFetchedResultsDataSourceTests.m */; };
		61E0A5611BF9693E00453820 /* Model.xcdatamodeld in Sources */ = {isa = PBXBuildFile; fileRef = 61E0A55F1BF9693E00453820 /* Model.xcdatamodeld */; };
		61E0A5641BF969A200453820 /* PLCoreDataStack.m in Sources */ = {isa = PBXBuildFile; fileRef = 61E0A5631BF969A200453820 /* PLCoreDataStack.m */; };
		61E0A5681BF96B1F00453820 /* ExampleFetchedResultsDataSource.m in Sources */ = {isa = PBXBuildFile; fileRef = 61E0A5671BF96B1F00453820 /* ExampleFetchedResultsDataSource.m */; };
		61E0A56B1BF96C7000453820 /* FetchedResultsTableViewController.m in Sources */ = {isa = PBXBuildFile; fileRef = 61E0A56A1BF96C7000453820 /* FetchedResultsTableViewController.m */; };
		61E0A5741BF99C8800453820 /* PLMergedDataSourceTests.m in Sources */ = {isa = PBXBuildFile; fileRef = 61E0A5731BF99C8800453820 /* PLMergedDataSourceTests.m */; };
		61E0A5751BF99F7700453820 /* PLCoreDataStack.m in Sources */ = {isa = PBXBuildFile; fileRef = 61E0A5631BF969A200453820 /* PLCoreDataStack.m */; };
		61E0A57A1BF9BF9000453820 /* ExampleMergedDataSource.m in Sources */ = {isa = PBXBuildFile; fileRef = 61E0A5791BF9BF9000453820 /* ExampleMergedDataSource.m */; };
		61E0A57D1BF9C20900453820 /* MergedDataViewController.m in Sources */ = {isa = PBXBuildFile; fileRef = 61E0A57C1BF9C20900453820 /* MergedDataViewController.m */; };
		873B8AEB1B1F5CCA007FD442 /* Main.storyboard in Resources */ = {isa = PBXBuildFile; fileRef = 873B8AEA1B1F5CCA007FD442 /* Main.storyboard */; };
		AEDCE22C6B7B27A8AC4F4F49 /* Pods_PLDataSource_Tests.framework in Frameworks */ = {isa = PBXBuildFile; fileRef = D2E9629BFE32D8DA5258DDC2 /* Pods_PLDataSource_Tests.framework */; };
		F1613B28AD75D51A1055655C /* Pods_PLDataSource_Example.framework in Frameworks */ = {isa = PBXBuildFile; fileRef = 0647CEB950E16F90B364E1FF /* Pods_PLDataSource_Example.framework */; };
/* End PBXBuildFile section */

/* Begin PBXContainerItemProxy section */
		6003F5B3195388D20070C39A /* PBXContainerItemProxy */ = {
			isa = PBXContainerItemProxy;
			containerPortal = 6003F582195388D10070C39A /* Project object */;
			proxyType = 1;
			remoteGlobalIDString = 6003F589195388D20070C39A;
			remoteInfo = PLDataSource;
		};
/* End PBXContainerItemProxy section */

/* Begin PBXFileReference section */
		05A893924AA830C3B57B09F2 /* Pods-PLDataSource_Tests.debug.xcconfig */ = {isa = PBXFileReference; includeInIndex = 1; lastKnownFileType = text.xcconfig; name = "Pods-PLDataSource_Tests.debug.xcconfig"; path = "Pods/Target Support Files/Pods-PLDataSource_Tests/Pods-PLDataSource_Tests.debug.xcconfig"; sourceTree = "<group>"; };
		0647CEB950E16F90B364E1FF /* Pods_PLDataSource_Example.framework */ = {isa = PBXFileReference; explicitFileType = wrapper.framework; includeInIndex = 0; path = Pods_PLDataSource_Example.framework; sourceTree = BUILT_PRODUCTS_DIR; };
		1F62F0BD0C690B6961861879 /* LICENSE */ = {isa = PBXFileReference; includeInIndex = 1; lastKnownFileType = text; name = LICENSE; path = ../LICENSE; sourceTree = "<group>"; };
		47C065805C3F4515F30AFFED /* PLDataSource.podspec */ = {isa = PBXFileReference; includeInIndex = 1; lastKnownFileType = text; name = PLDataSource.podspec; path = ../PLDataSource.podspec; sourceTree = "<group>"; };
		6003F58A195388D20070C39A /* PLDataSource_Example.app */ = {isa = PBXFileReference; explicitFileType = wrapper.application; includeInIndex = 0; path = PLDataSource_Example.app; sourceTree = BUILT_PRODUCTS_DIR; };
		6003F58D195388D20070C39A /* Foundation.framework */ = {isa = PBXFileReference; lastKnownFileType = wrapper.framework; name = Foundation.framework; path = System/Library/Frameworks/Foundation.framework; sourceTree = SDKROOT; };
		6003F58F195388D20070C39A /* CoreGraphics.framework */ = {isa = PBXFileReference; lastKnownFileType = wrapper.framework; name = CoreGraphics.framework; path = System/Library/Frameworks/CoreGraphics.framework; sourceTree = SDKROOT; };
		6003F591195388D20070C39A /* UIKit.framework */ = {isa = PBXFileReference; lastKnownFileType = wrapper.framework; name = UIKit.framework; path = System/Library/Frameworks/UIKit.framework; sourceTree = SDKROOT; };
		6003F595195388D20070C39A /* PLDataSource-Info.plist */ = {isa = PBXFileReference; lastKnownFileType = text.plist.xml; path = "PLDataSource-Info.plist"; sourceTree = "<group>"; };
		6003F597195388D20070C39A /* en */ = {isa = PBXFileReference; lastKnownFileType = text.plist.strings; name = en; path = en.lproj/InfoPlist.strings; sourceTree = "<group>"; };
		6003F599195388D20070C39A /* main.m */ = {isa = PBXFileReference; lastKnownFileType = sourcecode.c.objc; path = main.m; sourceTree = "<group>"; };
		6003F59B195388D20070C39A /* PLDataSource-Prefix.pch */ = {isa = PBXFileReference; lastKnownFileType = sourcecode.c.h; path = "PLDataSource-Prefix.pch"; sourceTree = "<group>"; };
		6003F59C195388D20070C39A /* PLAppDelegate.h */ = {isa = PBXFileReference; lastKnownFileType = sourcecode.c.h; path = PLAppDelegate.h; sourceTree = "<group>"; };
		6003F59D195388D20070C39A /* PLAppDelegate.m */ = {isa = PBXFileReference; lastKnownFileType = sourcecode.c.objc; path = PLAppDelegate.m; sourceTree = "<group>"; };
		6003F5A8195388D20070C39A /* Images.xcassets */ = {isa = PBXFileReference; lastKnownFileType = folder.assetcatalog; path = Images.xcassets; sourceTree = "<group>"; };
		6003F5AE195388D20070C39A /* PLDataSource_Tests.xctest */ = {isa = PBXFileReference; explicitFileType = wrapper.cfbundle; includeInIndex = 0; path = PLDataSource_Tests.xctest; sourceTree = BUILT_PRODUCTS_DIR; };
		6003F5AF195388D20070C39A /* XCTest.framework */ = {isa = PBXFileReference; lastKnownFileType = wrapper.framework; name = XCTest.framework; path = Library/Frameworks/XCTest.framework; sourceTree = DEVELOPER_DIR; };
		6003F5B7195388D20070C39A /* Tests-Info.plist */ = {isa = PBXFileReference; lastKnownFileType = text.plist.xml; path = "Tests-Info.plist"; sourceTree = "<group>"; };
		6003F5B9195388D20070C39A /* en */ = {isa = PBXFileReference; lastKnownFileType = text.plist.strings; name = en; path = en.lproj/InfoPlist.strings; sourceTree = "<group>"; };
		606FC2411953D9B200FFA9A0 /* Tests-Prefix.pch */ = {isa = PBXFileReference; lastKnownFileType = sourcecode.c.h; path = "Tests-Prefix.pch"; sourceTree = "<group>"; };
		6196FCC61BF5AB2300024577 /* PLBasicDataViewController.h */ = {isa = PBXFileReference; fileEncoding = 4; lastKnownFileType = sourcecode.c.h; path = PLBasicDataViewController.h; sourceTree = "<group>"; };
		6196FCC71BF5AB2300024577 /* PLBasicDataViewController.m */ = {isa = PBXFileReference; fileEncoding = 4; lastKnownFileType = sourcecode.c.objc; path = PLBasicDataViewController.m; sourceTree = "<group>"; };
		6196FCD01BF5BBCA00024577 /* ExampleBasicDataSource.h */ = {isa = PBXFileReference; fileEncoding = 4; lastKnownFileType = sourcecode.c.h; path = ExampleBasicDataSource.h; sourceTree = "<group>"; };
		6196FCD11BF5BBCA00024577 /* ExampleBasicDataSource.m */ = {isa = PBXFileReference; fileEncoding = 4; lastKnownFileType = sourcecode.c.objc; path = ExampleBasicDataSource.m; sourceTree = "<group>"; };
		6196FCD31BF69D6B00024577 /* PLBasicDataSourceTests.m */ = {isa = PBXFileReference; fileEncoding = 4; lastKnownFileType = sourcecode.c.objc; path = PLBasicDataSourceTests.m; sourceTree = "<group>"; };
		61E0A55C1BF9667900453820 /* PLFetchedResultsDataSourceTests.m */ = {isa = PBXFileReference; fileEncoding = 4; lastKnownFileType = sourcecode.c.objc; path = PLFetchedResultsDataSourceTests.m; sourceTree = "<group>"; };
		61E0A5601BF9693E00453820 /* Model.xcdatamodel */ = {isa = PBXFileReference; lastKnownFileType = wrapper.xcdatamodel; path = Model.xcdatamodel; sourceTree = "<group>"; };
		61E0A5621BF969A200453820 /* PLCoreDataStack.h */ = {isa = PBXFileReference; fileEncoding = 4; lastKnownFileType = sourcecode.c.h; path = PLCoreDataStack.h; sourceTree = "<group>"; };
		61E0A5631BF969A200453820 /* PLCoreDataStack.m */ = {isa = PBXFileReference; fileEncoding = 4; lastKnownFileType = sourcecode.c.objc; path = PLCoreDataStack.m; sourceTree = "<group>"; };
		61E0A5661BF96B1F00453820 /* ExampleFetchedResultsDataSource.h */ = {isa = PBXFileReference; fileEncoding = 4; lastKnownFileType = sourcecode.c.h; path = ExampleFetchedResultsDataSource.h; sourceTree = "<group>"; };
		61E0A5671BF96B1F00453820 /* ExampleFetchedResultsDataSource.m */ = {isa = PBXFileReference; fileEncoding = 4; lastKnownFileType = sourcecode.c.objc; path = ExampleFetchedResultsDataSource.m; sourceTree = "<group>"; };
		61E0A5691BF96C7000453820 /* FetchedResultsTableViewController.h */ = {isa = PBXFileReference; fileEncoding = 4; lastKnownFileType = sourcecode.c.h; path = FetchedResultsTableViewController.h; sourceTree = "<group>"; };
		61E0A56A1BF96C7000453820 /* FetchedResultsTableViewController.m */ = {isa = PBXFileReference; fileEncoding = 4; lastKnownFileType = sourcecode.c.objc; path = FetchedResultsTableViewController.m; sourceTree = "<group>"; };
		61E0A56C1BF979DD00453820 /* SortOption.h */ = {isa = PBXFileReference; fileEncoding = 4; lastKnownFileType = sourcecode.c.h; path = SortOption.h; sourceTree = "<group>"; };
		61E0A5731BF99C8800453820 /* PLMergedDataSourceTests.m */ = {isa = PBXFileReference; fileEncoding = 4; lastKnownFileType = sourcecode.c.objc; path = PLMergedDataSourceTests.m; sourceTree = "<group>"; };
		61E0A5761BF9A52900453820 /* TestHelpers.h */ = {isa = PBXFileReference; fileEncoding = 4; lastKnownFileType = sourcecode.c.h; path = TestHelpers.h; sourceTree = "<group>"; };
		61E0A5781BF9BF9000453820 /* ExampleMergedDataSource.h */ = {isa = PBXFileReference; fileEncoding = 4; lastKnownFileType = sourcecode.c.h; path = ExampleMergedDataSource.h; sourceTree = "<group>"; };
		61E0A5791BF9BF9000453820 /* ExampleMergedDataSource.m */ = {isa = PBXFileReference; fileEncoding = 4; lastKnownFileType = sourcecode.c.objc; path = ExampleMergedDataSource.m; sourceTree = "<group>"; };
		61E0A57B1BF9C20900453820 /* MergedDataViewController.h */ = {isa = PBXFileReference; fileEncoding = 4; lastKnownFileType = sourcecode.c.h; path = MergedDataViewController.h; sourceTree = "<group>"; };
		61E0A57C1BF9C20900453820 /* MergedDataViewController.m */ = {isa = PBXFileReference; fileEncoding = 4; lastKnownFileType = sourcecode.c.objc; path = MergedDataViewController.m; sourceTree = "<group>"; };
		6D5C41A1D066F6374DBD7069 /* Pods-PLDataSource_Example.release.xcconfig */ = {isa = PBXFileReference; includeInIndex = 1; lastKnownFileType = text.xcconfig; name = "Pods-PLDataSource_Example.release.xcconfig"; path = "Pods/Target Support Files/Pods-PLDataSource_Example/Pods-PLDataSource_Example.release.xcconfig"; sourceTree = "<group>"; };
		873B8AEA1B1F5CCA007FD442 /* Main.storyboard */ = {isa = PBXFileReference; fileEncoding = 4; lastKnownFileType = file.storyboard; path = Main.storyboard; sourceTree = "<group>"; };
		A582802F986843C0E415F758 /* Pods-PLDataSource_Tests.release.xcconfig */ = {isa = PBXFileReference; includeInIndex = 1; lastKnownFileType = text.xcconfig; name = "Pods-PLDataSource_Tests.release.xcconfig"; path = "Pods/Target Support Files/Pods-PLDataSource_Tests/Pods-PLDataSource_Tests.release.xcconfig"; sourceTree = "<group>"; };
		CDD992B9ACEF06A3179C34CF /* README.md */ = {isa = PBXFileReference; includeInIndex = 1; lastKnownFileType = net.daringfireball.markdown; name = README.md; path = ../README.md; sourceTree = "<group>"; };
		D2E9629BFE32D8DA5258DDC2 /* Pods_PLDataSource_Tests.framework */ = {isa = PBXFileReference; explicitFileType = wrapper.framework; includeInIndex = 0; path = Pods_PLDataSource_Tests.framework; sourceTree = BUILT_PRODUCTS_DIR; };
		F249F689D0A6FF920242E80C /* Pods-PLDataSource_Example.debug.xcconfig */ = {isa = PBXFileReference; includeInIndex = 1; lastKnownFileType = text.xcconfig; name = "Pods-PLDataSource_Example.debug.xcconfig"; path = "Pods/Target Support Files/Pods-PLDataSource_Example/Pods-PLDataSource_Example.debug.xcconfig"; sourceTree = "<group>"; };
/* End PBXFileReference section */

/* Begin PBXFrameworksBuildPhase section */
		6003F587195388D20070C39A /* Frameworks */ = {
			isa = PBXFrameworksBuildPhase;
			buildActionMask = 2147483647;
			files = (
				6003F590195388D20070C39A /* CoreGraphics.framework in Frameworks */,
				6003F592195388D20070C39A /* UIKit.framework in Frameworks */,
				6003F58E195388D20070C39A /* Foundation.framework in Frameworks */,
				F1613B28AD75D51A1055655C /* Pods_PLDataSource_Example.framework in Frameworks */,
			);
			runOnlyForDeploymentPostprocessing = 0;
		};
		6003F5AB195388D20070C39A /* Frameworks */ = {
			isa = PBXFrameworksBuildPhase;
			buildActionMask = 2147483647;
			files = (
				6003F5B0195388D20070C39A /* XCTest.framework in Frameworks */,
				6003F5B2195388D20070C39A /* UIKit.framework in Frameworks */,
				6003F5B1195388D20070C39A /* Foundation.framework in Frameworks */,
				AEDCE22C6B7B27A8AC4F4F49 /* Pods_PLDataSource_Tests.framework in Frameworks */,
			);
			runOnlyForDeploymentPostprocessing = 0;
		};
/* End PBXFrameworksBuildPhase section */

/* Begin PBXGroup section */
		6003F581195388D10070C39A = {
			isa = PBXGroup;
			children = (
				60FF7A9C1954A5C5007DD14C /* Podspec Metadata */,
				6003F593195388D20070C39A /* Example for PLDataSource */,
				6003F5B5195388D20070C39A /* Tests */,
				6003F58C195388D20070C39A /* Frameworks */,
				6003F58B195388D20070C39A /* Products */,
				B8722BEAEFBDD2C50F015DE7 /* Pods */,
			);
			sourceTree = "<group>";
		};
		6003F58B195388D20070C39A /* Products */ = {
			isa = PBXGroup;
			children = (
				6003F58A195388D20070C39A /* PLDataSource_Example.app */,
				6003F5AE195388D20070C39A /* PLDataSource_Tests.xctest */,
			);
			name = Products;
			sourceTree = "<group>";
		};
		6003F58C195388D20070C39A /* Frameworks */ = {
			isa = PBXGroup;
			children = (
				6003F58D195388D20070C39A /* Foundation.framework */,
				6003F58F195388D20070C39A /* CoreGraphics.framework */,
				6003F591195388D20070C39A /* UIKit.framework */,
				6003F5AF195388D20070C39A /* XCTest.framework */,
				0647CEB950E16F90B364E1FF /* Pods_PLDataSource_Example.framework */,
				D2E9629BFE32D8DA5258DDC2 /* Pods_PLDataSource_Tests.framework */,
			);
			name = Frameworks;
			sourceTree = "<group>";
		};
		6003F593195388D20070C39A /* Example for PLDataSource */ = {
			isa = PBXGroup;
			children = (
				61E0A5771BF9BF5F00453820 /* Merged Data Source */,
				61E0A55E1BF9692400453820 /* Fetched Results Data Source */,
				6196FCCF1BF5BBA000024577 /* Basic Data Source */,
				6003F59C195388D20070C39A /* PLAppDelegate.h */,
				6003F59D195388D20070C39A /* PLAppDelegate.m */,
				873B8AEA1B1F5CCA007FD442 /* Main.storyboard */,
				6003F5A8195388D20070C39A /* Images.xcassets */,
				6003F594195388D20070C39A /* Supporting Files */,
				61E0A55F1BF9693E00453820 /* Model.xcdatamodeld */,
				61E0A56C1BF979DD00453820 /* SortOption.h */,
			);
			name = "Example for PLDataSource";
			path = PLDataSource;
			sourceTree = "<group>";
		};
		6003F594195388D20070C39A /* Supporting Files */ = {
			isa = PBXGroup;
			children = (
				6003F595195388D20070C39A /* PLDataSource-Info.plist */,
				6003F596195388D20070C39A /* InfoPlist.strings */,
				6003F599195388D20070C39A /* main.m */,
				6003F59B195388D20070C39A /* PLDataSource-Prefix.pch */,
			);
			name = "Supporting Files";
			sourceTree = "<group>";
		};
		6003F5B5195388D20070C39A /* Tests */ = {
			isa = PBXGroup;
			children = (
				6003F5B6195388D20070C39A /* Supporting Files */,
				6196FCD31BF69D6B00024577 /* PLBasicDataSourceTests.m */,
				61E0A55C1BF9667900453820 /* PLFetchedResultsDataSourceTests.m */,
				61E0A5731BF99C8800453820 /* PLMergedDataSourceTests.m */,
				61E0A5761BF9A52900453820 /* TestHelpers.h */,
			);
			path = Tests;
			sourceTree = "<group>";
		};
		6003F5B6195388D20070C39A /* Supporting Files */ = {
			isa = PBXGroup;
			children = (
				6003F5B7195388D20070C39A /* Tests-Info.plist */,
				6003F5B8195388D20070C39A /* InfoPlist.strings */,
				606FC2411953D9B200FFA9A0 /* Tests-Prefix.pch */,
			);
			name = "Supporting Files";
			sourceTree = "<group>";
		};
		60FF7A9C1954A5C5007DD14C /* Podspec Metadata */ = {
			isa = PBXGroup;
			children = (
				47C065805C3F4515F30AFFED /* PLDataSource.podspec */,
				CDD992B9ACEF06A3179C34CF /* README.md */,
				1F62F0BD0C690B6961861879 /* LICENSE */,
			);
			name = "Podspec Metadata";
			sourceTree = "<group>";
		};
		6196FCCF1BF5BBA000024577 /* Basic Data Source */ = {
			isa = PBXGroup;
			children = (
				6196FCC61BF5AB2300024577 /* PLBasicDataViewController.h */,
				6196FCC71BF5AB2300024577 /* PLBasicDataViewController.m */,
				6196FCD01BF5BBCA00024577 /* ExampleBasicDataSource.h */,
				6196FCD11BF5BBCA00024577 /* ExampleBasicDataSource.m */,
			);
			name = "Basic Data Source";
			sourceTree = "<group>";
		};
		61E0A55E1BF9692400453820 /* Fetched Results Data Source */ = {
			isa = PBXGroup;
			children = (
				61E0A5621BF969A200453820 /* PLCoreDataStack.h */,
				61E0A5631BF969A200453820 /* PLCoreDataStack.m */,
				61E0A5661BF96B1F00453820 /* ExampleFetchedResultsDataSource.h */,
				61E0A5671BF96B1F00453820 /* ExampleFetchedResultsDataSource.m */,
				61E0A5691BF96C7000453820 /* FetchedResultsTableViewController.h */,
				61E0A56A1BF96C7000453820 /* FetchedResultsTableViewController.m */,
			);
			name = "Fetched Results Data Source";
			sourceTree = "<group>";
		};
		61E0A5771BF9BF5F00453820 /* Merged Data Source */ = {
			isa = PBXGroup;
			children = (
				61E0A5781BF9BF9000453820 /* ExampleMergedDataSource.h */,
				61E0A5791BF9BF9000453820 /* ExampleMergedDataSource.m */,
				61E0A57B1BF9C20900453820 /* MergedDataViewController.h */,
				61E0A57C1BF9C20900453820 /* MergedDataViewController.m */,
			);
			name = "Merged Data Source";
			sourceTree = "<group>";
		};
		B8722BEAEFBDD2C50F015DE7 /* Pods */ = {
			isa = PBXGroup;
			children = (
				F249F689D0A6FF920242E80C /* Pods-PLDataSource_Example.debug.xcconfig */,
				6D5C41A1D066F6374DBD7069 /* Pods-PLDataSource_Example.release.xcconfig */,
				05A893924AA830C3B57B09F2 /* Pods-PLDataSource_Tests.debug.xcconfig */,
				A582802F986843C0E415F758 /* Pods-PLDataSource_Tests.release.xcconfig */,
			);
			name = Pods;
			sourceTree = "<group>";
		};
/* End PBXGroup section */

/* Begin PBXNativeTarget section */
		6003F589195388D20070C39A /* PLDataSource_Example */ = {
			isa = PBXNativeTarget;
			buildConfigurationList = 6003F5BF195388D20070C39A /* Build configuration list for PBXNativeTarget "PLDataSource_Example" */;
			buildPhases = (
				4AEAAE1E02D23A0571043602 /* Check Pods Manifest.lock */,
				6003F586195388D20070C39A /* Sources */,
				6003F587195388D20070C39A /* Frameworks */,
				6003F588195388D20070C39A /* Resources */,
				B08CE00EE22020DC0740710A /* Embed Pods Frameworks */,
				DF7497AC75FA8A555B0D47C5 /* Copy Pods Resources */,
			);
			buildRules = (
			);
			dependencies = (
			);
			name = PLDataSource_Example;
			productName = PLDataSource;
			productReference = 6003F58A195388D20070C39A /* PLDataSource_Example.app */;
			productType = "com.apple.product-type.application";
		};
		6003F5AD195388D20070C39A /* PLDataSource_Tests */ = {
			isa = PBXNativeTarget;
			buildConfigurationList = 6003F5C2195388D20070C39A /* Build configuration list for PBXNativeTarget "PLDataSource_Tests" */;
			buildPhases = (
				4F44857DBE3AAA68E3CED051 /* Check Pods Manifest.lock */,
				6003F5AA195388D20070C39A /* Sources */,
				6003F5AB195388D20070C39A /* Frameworks */,
				6003F5AC195388D20070C39A /* Resources */,
				651E236083102086E80F6583 /* Embed Pods Frameworks */,
				5BA372BF4FFA307DFC2AC775 /* Copy Pods Resources */,
			);
			buildRules = (
			);
			dependencies = (
				6003F5B4195388D20070C39A /* PBXTargetDependency */,
			);
			name = PLDataSource_Tests;
			productName = PLDataSourceTests;
			productReference = 6003F5AE195388D20070C39A /* PLDataSource_Tests.xctest */;
			productType = "com.apple.product-type.bundle.unit-test";
		};
/* End PBXNativeTarget section */

/* Begin PBXProject section */
		6003F582195388D10070C39A /* Project object */ = {
			isa = PBXProject;
			attributes = {
				CLASSPREFIX = PL;
				LastUpgradeCheck = 0510;
				ORGANIZATIONNAME = "Hirad Motamed";
				TargetAttributes = {
					6003F5AD195388D20070C39A = {
						TestTargetID = 6003F589195388D20070C39A;
					};
				};
			};
			buildConfigurationList = 6003F585195388D10070C39A /* Build configuration list for PBXProject "PLDataSource" */;
			compatibilityVersion = "Xcode 3.2";
			developmentRegion = English;
			hasScannedForEncodings = 0;
			knownRegions = (
				en,
				Base,
			);
			mainGroup = 6003F581195388D10070C39A;
			productRefGroup = 6003F58B195388D20070C39A /* Products */;
			projectDirPath = "";
			projectRoot = "";
			targets = (
				6003F589195388D20070C39A /* PLDataSource_Example */,
				6003F5AD195388D20070C39A /* PLDataSource_Tests */,
			);
		};
/* End PBXProject section */

/* Begin PBXResourcesBuildPhase section */
		6003F588195388D20070C39A /* Resources */ = {
			isa = PBXResourcesBuildPhase;
			buildActionMask = 2147483647;
			files = (
				873B8AEB1B1F5CCA007FD442 /* Main.storyboard in Resources */,
				6003F5A9195388D20070C39A /* Images.xcassets in Resources */,
				6003F598195388D20070C39A /* InfoPlist.strings in Resources */,
			);
			runOnlyForDeploymentPostprocessing = 0;
		};
		6003F5AC195388D20070C39A /* Resources */ = {
			isa = PBXResourcesBuildPhase;
			buildActionMask = 2147483647;
			files = (
				6003F5BA195388D20070C39A /* InfoPlist.strings in Resources */,
			);
			runOnlyForDeploymentPostprocessing = 0;
		};
/* End PBXResourcesBuildPhase section */

/* Begin PBXShellScriptBuildPhase section */
		4AEAAE1E02D23A0571043602 /* Check Pods Manifest.lock */ = {
			isa = PBXShellScriptBuildPhase;
			buildActionMask = 2147483647;
			files = (
			);
			inputPaths = (
			);
			name = "Check Pods Manifest.lock";
			outputPaths = (
			);
			runOnlyForDeploymentPostprocessing = 0;
			shellPath = /bin/sh;
			shellScript = "diff \"${PODS_ROOT}/../Podfile.lock\" \"${PODS_ROOT}/Manifest.lock\" > /dev/null\nif [[ $? != 0 ]] ; then\n    cat << EOM\nerror: The sandbox is not in sync with the Podfile.lock. Run 'pod install' or update your CocoaPods installation.\nEOM\n    exit 1\nfi\n";
			showEnvVarsInLog = 0;
		};
		4F44857DBE3AAA68E3CED051 /* Check Pods Manifest.lock */ = {
			isa = PBXShellScriptBuildPhase;
			buildActionMask = 2147483647;
			files = (
			);
			inputPaths = (
			);
			name = "Check Pods Manifest.lock";
			outputPaths = (
			);
			runOnlyForDeploymentPostprocessing = 0;
			shellPath = /bin/sh;
			shellScript = "diff \"${PODS_ROOT}/../Podfile.lock\" \"${PODS_ROOT}/Manifest.lock\" > /dev/null\nif [[ $? != 0 ]] ; then\n    cat << EOM\nerror: The sandbox is not in sync with the Podfile.lock. Run 'pod install' or update your CocoaPods installation.\nEOM\n    exit 1\nfi\n";
			showEnvVarsInLog = 0;
		};
		5BA372BF4FFA307DFC2AC775 /* Copy Pods Resources */ = {
			isa = PBXShellScriptBuildPhase;
			buildActionMask = 2147483647;
			files = (
			);
			inputPaths = (
			);
			name = "Copy Pods Resources";
			outputPaths = (
			);
			runOnlyForDeploymentPostprocessing = 0;
			shellPath = /bin/sh;
			shellScript = "\"${SRCROOT}/Pods/Target Support Files/Pods-PLDataSource_Tests/Pods-PLDataSource_Tests-resources.sh\"\n";
			showEnvVarsInLog = 0;
		};
		651E236083102086E80F6583 /* Embed Pods Frameworks */ = {
			isa = PBXShellScriptBuildPhase;
			buildActionMask = 2147483647;
			files = (
			);
			inputPaths = (
			);
			name = "Embed Pods Frameworks";
			outputPaths = (
			);
			runOnlyForDeploymentPostprocessing = 0;
			shellPath = /bin/sh;
			shellScript = "\"${SRCROOT}/Pods/Target Support Files/Pods-PLDataSource_Tests/Pods-PLDataSource_Tests-frameworks.sh\"\n";
			showEnvVarsInLog = 0;
		};
		B08CE00EE22020DC0740710A /* Embed Pods Frameworks */ = {
			isa = PBXShellScriptBuildPhase;
			buildActionMask = 2147483647;
			files = (
			);
			inputPaths = (
			);
			name = "Embed Pods Frameworks";
			outputPaths = (
			);
			runOnlyForDeploymentPostprocessing = 0;
			shellPath = /bin/sh;
			shellScript = "\"${SRCROOT}/Pods/Target Support Files/Pods-PLDataSource_Example/Pods-PLDataSource_Example-frameworks.sh\"\n";
			showEnvVarsInLog = 0;
		};
		DF7497AC75FA8A555B0D47C5 /* Copy Pods Resources */ = {
			isa = PBXShellScriptBuildPhase;
			buildActionMask = 2147483647;
			files = (
			);
			inputPaths = (
			);
			name = "Copy Pods Resources";
			outputPaths = (
			);
			runOnlyForDeploymentPostprocessing = 0;
			shellPath = /bin/sh;
			shellScript = "\"${SRCROOT}/Pods/Target Support Files/Pods-PLDataSource_Example/Pods-PLDataSource_Example-resources.sh\"\n";
			showEnvVarsInLog = 0;
		};
/* End PBXShellScriptBuildPhase section */

/* Begin PBXSourcesBuildPhase section */
		6003F586195388D20070C39A /* Sources */ = {
			isa = PBXSourcesBuildPhase;
			buildActionMask = 2147483647;
			files = (
				61E0A57A1BF9BF9000453820 /* ExampleMergedDataSource.m in Sources */,
				6196FCD21BF5BBCA00024577 /* ExampleBasicDataSource.m in Sources */,
				6003F59E195388D20070C39A /* PLAppDelegate.m in Sources */,
				61E0A56B1BF96C7000453820 /* FetchedResultsTableViewController.m in Sources */,
				61E0A57D1BF9C20900453820 /* MergedDataViewController.m in Sources */,
				61E0A5611BF9693E00453820 /* Model.xcdatamodeld in Sources */,
				61E0A5681BF96B1F00453820 /* ExampleFetchedResultsDataSource.m in Sources */,
				61E0A5641BF969A200453820 /* PLCoreDataStack.m in Sources */,
				6196FCC81BF5AB2300024577 /* PLBasicDataViewController.m in Sources */,
				6003F59A195388D20070C39A /* main.m in Sources */,
			);
			runOnlyForDeploymentPostprocessing = 0;
		};
		6003F5AA195388D20070C39A /* Sources */ = {
			isa = PBXSourcesBuildPhase;
			buildActionMask = 2147483647;
			files = (
				6196FCD41BF69D6B00024577 /* PLBasicDataSourceTests.m in Sources */,
				61E0A5741BF99C8800453820 /* PLMergedDataSourceTests.m in Sources */,
				61E0A55D1BF9667900453820 /* PLFetchedResultsDataSourceTests.m in Sources */,
				61E0A5751BF99F7700453820 /* PLCoreDataStack.m in Sources */,
			);
			runOnlyForDeploymentPostprocessing = 0;
		};
/* End PBXSourcesBuildPhase section */

/* Begin PBXTargetDependency section */
		6003F5B4195388D20070C39A /* PBXTargetDependency */ = {
			isa = PBXTargetDependency;
			target = 6003F589195388D20070C39A /* PLDataSource_Example */;
			targetProxy = 6003F5B3195388D20070C39A /* PBXContainerItemProxy */;
		};
/* End PBXTargetDependency section */

/* Begin PBXVariantGroup section */
		6003F596195388D20070C39A /* InfoPlist.strings */ = {
			isa = PBXVariantGroup;
			children = (
				6003F597195388D20070C39A /* en */,
			);
			name = InfoPlist.strings;
			sourceTree = "<group>";
		};
		6003F5B8195388D20070C39A /* InfoPlist.strings */ = {
			isa = PBXVariantGroup;
			children = (
				6003F5B9195388D20070C39A /* en */,
			);
			name = InfoPlist.strings;
			sourceTree = "<group>";
		};
/* End PBXVariantGroup section */

/* Begin XCBuildConfiguration section */
		6003F5BD195388D20070C39A /* Debug */ = {
			isa = XCBuildConfiguration;
			buildSettings = {
				ALWAYS_SEARCH_USER_PATHS = NO;
				CLANG_CXX_LANGUAGE_STANDARD = "gnu++0x";
				CLANG_CXX_LIBRARY = "libc++";
				CLANG_ENABLE_MODULES = YES;
				CLANG_ENABLE_OBJC_ARC = YES;
				CLANG_WARN_BOOL_CONVERSION = YES;
				CLANG_WARN_CONSTANT_CONVERSION = YES;
				CLANG_WARN_DIRECT_OBJC_ISA_USAGE = YES_ERROR;
				CLANG_WARN_EMPTY_BODY = YES;
				CLANG_WARN_ENUM_CONVERSION = YES;
				CLANG_WARN_INT_CONVERSION = YES;
				CLANG_WARN_OBJC_ROOT_CLASS = YES_ERROR;
				CLANG_WARN__DUPLICATE_METHOD_MATCH = YES;
				"CODE_SIGN_IDENTITY[sdk=iphoneos*]" = "iPhone Developer";
				COPY_PHASE_STRIP = NO;
				GCC_C_LANGUAGE_STANDARD = gnu99;
				GCC_DYNAMIC_NO_PIC = NO;
				GCC_OPTIMIZATION_LEVEL = 0;
				GCC_PREPROCESSOR_DEFINITIONS = (
					"DEBUG=1",
					"$(inherited)",
				);
				GCC_SYMBOLS_PRIVATE_EXTERN = NO;
				GCC_WARN_64_TO_32_BIT_CONVERSION = YES;
				GCC_WARN_ABOUT_RETURN_TYPE = YES_ERROR;
				GCC_WARN_UNDECLARED_SELECTOR = YES;
				GCC_WARN_UNINITIALIZED_AUTOS = YES_AGGRESSIVE;
				GCC_WARN_UNUSED_FUNCTION = YES;
				GCC_WARN_UNUSED_VARIABLE = YES;
				IPHONEOS_DEPLOYMENT_TARGET = 7.1;
				ONLY_ACTIVE_ARCH = YES;
				SDKROOT = iphoneos;
				TARGETED_DEVICE_FAMILY = "1,2";
			};
			name = Debug;
		};
		6003F5BE195388D20070C39A /* Release */ = {
			isa = XCBuildConfiguration;
			buildSettings = {
				ALWAYS_SEARCH_USER_PATHS = NO;
				CLANG_CXX_LANGUAGE_STANDARD = "gnu++0x";
				CLANG_CXX_LIBRARY = "libc++";
				CLANG_ENABLE_MODULES = YES;
				CLANG_ENABLE_OBJC_ARC = YES;
				CLANG_WARN_BOOL_CONVERSION = YES;
				CLANG_WARN_CONSTANT_CONVERSION = YES;
				CLANG_WARN_DIRECT_OBJC_ISA_USAGE = YES_ERROR;
				CLANG_WARN_EMPTY_BODY = YES;
				CLANG_WARN_ENUM_CONVERSION = YES;
				CLANG_WARN_INT_CONVERSION = YES;
				CLANG_WARN_OBJC_ROOT_CLASS = YES_ERROR;
				CLANG_WARN__DUPLICATE_METHOD_MATCH = YES;
				"CODE_SIGN_IDENTITY[sdk=iphoneos*]" = "iPhone Developer";
				COPY_PHASE_STRIP = YES;
				ENABLE_NS_ASSERTIONS = NO;
				GCC_C_LANGUAGE_STANDARD = gnu99;
				GCC_WARN_64_TO_32_BIT_CONVERSION = YES;
				GCC_WARN_ABOUT_RETURN_TYPE = YES_ERROR;
				GCC_WARN_UNDECLARED_SELECTOR = YES;
				GCC_WARN_UNINITIALIZED_AUTOS = YES_AGGRESSIVE;
				GCC_WARN_UNUSED_FUNCTION = YES;
				GCC_WARN_UNUSED_VARIABLE = YES;
				IPHONEOS_DEPLOYMENT_TARGET = 7.1;
				SDKROOT = iphoneos;
				TARGETED_DEVICE_FAMILY = "1,2";
				VALIDATE_PRODUCT = YES;
			};
			name = Release;
		};
		6003F5C0195388D20070C39A /* Debug */ = {
			isa = XCBuildConfiguration;
			baseConfigurationReference = F249F689D0A6FF920242E80C /* Pods-PLDataSource_Example.debug.xcconfig */;
			buildSettings = {
				ASSETCATALOG_COMPILER_APPICON_NAME = AppIcon;
				ASSETCATALOG_COMPILER_LAUNCHIMAGE_NAME = LaunchImage;
				GCC_PRECOMPILE_PREFIX_HEADER = YES;
				GCC_PREFIX_HEADER = "PLDataSource/PLDataSource-Prefix.pch";
				INFOPLIST_FILE = "PLDataSource/PLDataSource-Info.plist";
				MODULE_NAME = ExampleApp;
				PRODUCT_NAME = "$(TARGET_NAME)";
				WRAPPER_EXTENSION = app;
			};
			name = Debug;
		};
		6003F5C1195388D20070C39A /* Release */ = {
			isa = XCBuildConfiguration;
			baseConfigurationReference = 6D5C41A1D066F6374DBD7069 /* Pods-PLDataSource_Example.release.xcconfig */;
			buildSettings = {
				ASSETCATALOG_COMPILER_APPICON_NAME = AppIcon;
				ASSETCATALOG_COMPILER_LAUNCHIMAGE_NAME = LaunchImage;
				GCC_PRECOMPILE_PREFIX_HEADER = YES;
				GCC_PREFIX_HEADER = "PLDataSource/PLDataSource-Prefix.pch";
				INFOPLIST_FILE = "PLDataSource/PLDataSource-Info.plist";
				MODULE_NAME = ExampleApp;
				PRODUCT_NAME = "$(TARGET_NAME)";
				WRAPPER_EXTENSION = app;
			};
			name = Release;
		};
		6003F5C3195388D20070C39A /* Debug */ = {
			isa = XCBuildConfiguration;
			baseConfigurationReference = 05A893924AA830C3B57B09F2 /* Pods-PLDataSource_Tests.debug.xcconfig */;
			buildSettings = {
				BUNDLE_LOADER = "$(TEST_HOST)";
				FRAMEWORK_SEARCH_PATHS = (
					"$(SDKROOT)/Developer/Library/Frameworks",
					"$(inherited)",
					"$(DEVELOPER_FRAMEWORKS_DIR)",
				);
				GCC_PRECOMPILE_PREFIX_HEADER = YES;
				GCC_PREFIX_HEADER = "Tests/Tests-Prefix.pch";
				GCC_PREPROCESSOR_DEFINITIONS = (
					"DEBUG=1",
					"$(inherited)",
				);
				INFOPLIST_FILE = "Tests/Tests-Info.plist";
				PRODUCT_NAME = "$(TARGET_NAME)";
				TEST_HOST = "$(BUILT_PRODUCTS_DIR)/PLDataSource_Example.app/PLDataSource_Example";
				WRAPPER_EXTENSION = xctest;
			};
			name = Debug;
		};
		6003F5C4195388D20070C39A /* Release */ = {
			isa = XCBuildConfiguration;
			baseConfigurationReference = A582802F986843C0E415F758 /* Pods-PLDataSource_Tests.release.xcconfig */;
			buildSettings = {
				BUNDLE_LOADER = "$(TEST_HOST)";
				FRAMEWORK_SEARCH_PATHS = (
					"$(SDKROOT)/Developer/Library/Frameworks",
					"$(inherited)",
					"$(DEVELOPER_FRAMEWORKS_DIR)",
				);
				GCC_PRECOMPILE_PREFIX_HEADER = YES;
				GCC_PREFIX_HEADER = "Tests/Tests-Prefix.pch";
				INFOPLIST_FILE = "Tests/Tests-Info.plist";
				PRODUCT_NAME = "$(TARGET_NAME)";
				TEST_HOST = "$(BUILT_PRODUCTS_DIR)/PLDataSource_Example.app/PLDataSource_Example";
				WRAPPER_EXTENSION = xctest;
			};
			name = Release;
		};
/* End XCBuildConfiguration section */

/* Begin XCConfigurationList section */
		6003F585195388D10070C39A /* Build configuration list for PBXProject "PLDataSource" */ = {
			isa = XCConfigurationList;
			buildConfigurations = (
				6003F5BD195388D20070C39A /* Debug */,
				6003F5BE195388D20070C39A /* Release */,
			);
			defaultConfigurationIsVisible = 0;
			defaultConfigurationName = Release;
		};
		6003F5BF195388D20070C39A /* Build configuration list for PBXNativeTarget "PLDataSource_Example" */ = {
			isa = XCConfigurationList;
			buildConfigurations = (
				6003F5C0195388D20070C39A /* Debug */,
				6003F5C1195388D20070C39A /* Release */,
			);
			defaultConfigurationIsVisible = 0;
			defaultConfigurationName = Release;
		};
		6003F5C2195388D20070C39A /* Build configuration list for PBXNativeTarget "PLDataSource_Tests" */ = {
			isa = XCConfigurationList;
			buildConfigurations = (
				6003F5C3195388D20070C39A /* Debug */,
				6003F5C4195388D20070C39A /* Release */,
			);
			defaultConfigurationIsVisible = 0;
			defaultConfigurationName = Release;
		};
/* End XCConfigurationList section */

/* Begin XCVersionGroup section */
		61E0A55F1BF9693E00453820 /* Model.xcdatamodeld */ = {
			isa = XCVersionGroup;
			children = (
				61E0A5601BF9693E00453820 /* Model.xcdatamodel */,
			);
			currentVersion = 61E0A5601BF9693E00453820 /* Model.xcdatamodel */;
			path = Model.xcdatamodeld;
			sourceTree = "<group>";
			versionGroupType = wrapper.xcdatamodel;
		};
/* End XCVersionGroup section */
	};
	rootObject = 6003F582195388D10070C39A /* Project object */;
}
